
Microsoft Visual Studio Solution File, Format Version 12.00
# Visual Studio Version 17
VisualStudioVersion = 17.14.36327.8 d17.14
MinimumVisualStudioVersion = 10.0.40219.1
Project("{FAE04EC0-301F-11D3-BF4B-00C04F79EFBC}") = "BFF", "BFF.csproj", "{9F785DC6-95D3-463D-8076-35BFE6034638}"
EndProject
Global
	GlobalSection(SolutionConfigurationPlatforms) = preSolution
		Debug|Any CPU = Debug|Any CPU
		Release|Any CPU = Release|Any CPU
	EndGlobalSection
	GlobalSection(ProjectConfigurationPlatforms) = postSolution
		{9F785DC6-95D3-463D-8076-35BFE6034638}.Debug|Any CPU.ActiveCfg = Debug|Any CPU
		{9F785DC6-95D3-463D-8076-35BFE6034638}.Debug|Any CPU.Build.0 = Debug|Any CPU
		{9F785DC6-95D3-463D-8076-35BFE6034638}.Release|Any CPU.ActiveCfg = Release|Any CPU
		{9F785DC6-95D3-463D-8076-35BFE6034638}.Release|Any CPU.Build.0 = Release|Any CPU
	EndGlobalSection
	GlobalSection(SolutionProperties) = preSolution
		HideSolutionNode = FALSE
	EndGlobalSection
	GlobalSection(ExtensibilityGlobals) = postSolution
		SolutionGuid = {F2B3D4AA-883D-4E40-81E4-18B5AEDB9766}
	EndGlobalSection
EndGlobal
