
Microsoft Visual Studio Solution File, Format Version 12.00
# Visual Studio Version 17
VisualStudioVersion = 17.14.36327.8 d17.14
MinimumVisualStudioVersion = 10.0.40219.1
Project("{FAE04EC0-301F-11D3-BF4B-00C04F79EFBC}") = "Core", "Core.csproj", "{D1F38260-F906-4230-80C3-D96951E1529F}"
EndProject
Global
	GlobalSection(SolutionConfigurationPlatforms) = preSolution
		Debug|Any CPU = Debug|Any CPU
		Release|Any CPU = Release|Any CPU
	EndGlobalSection
	GlobalSection(ProjectConfigurationPlatforms) = postSolution
		{D1F38260-F906-4230-80C3-D96951E1529F}.Debug|Any CPU.ActiveCfg = Debug|Any CPU
		{D1F38260-F906-4230-80C3-D96951E1529F}.Debug|Any CPU.Build.0 = Debug|Any CPU
		{D1F38260-F906-4230-80C3-D96951E1529F}.Release|Any CPU.ActiveCfg = Release|Any CPU
		{D1F38260-F906-4230-80C3-D96951E1529F}.Release|Any CPU.Build.0 = Release|Any CPU
	EndGlobalSection
	GlobalSection(SolutionProperties) = preSolution
		HideSolutionNode = FALSE
	EndGlobalSection
	GlobalSection(ExtensibilityGlobals) = postSolution
		SolutionGuid = {D2AAEBC3-6AA2-4A2A-B070-C86106581B8B}
	EndGlobalSection
EndGlobal
